<?xml version="1.0" encoding="utf-8"?>
<Project ToolsVersion="4.0" xmlns="http://schemas.microsoft.com/developer/msbuild/2003">
  <ItemGroup>
    <Filter Include="리소스 파일">
      <UniqueIdentifier>{67DA6AB6-F800-4c08-8B7A-83BB121AAD01}</UniqueIdentifier>
      <Extensions>rc;ico;cur;bmp;dlg;rc2;rct;bin;rgs;gif;jpg;jpeg;jpe;resx;tiff;tif;png;wav;mfcribbon-ms</Extensions>
    </Filter>
    <Filter Include="헤더 파일">
      <UniqueIdentifier>{8164d782-2fe9-42ce-b151-1fe1275c79fe}</UniqueIdentifier>
    </Filter>
    <Filter Include="소스 파일">
      <UniqueIdentifier>{3dda96ea-275d-45fc-ab13-b8b431341ba6}</UniqueIdentifier>
    </Filter>
    <Filter Include="사운드">
      <UniqueIdentifier>{b5128f8a-735b-46ea-afa1-817fe54c0006}</UniqueIdentifier>
    </Filter>
  </ItemGroup>
  <ItemGroup>
    <ClInclude Include="console.h">
      <Filter>헤더 파일</Filter>
    </ClInclude>
    <ClInclude Include="StartScene.h">
      <Filter>헤더 파일</Filter>
    </ClInclude>
    <ClInclude Include="GameLogic.h">
      <Filter>헤더 파일</Filter>
    </ClInclude>
    <ClInclude Include="define.h">
      <Filter>헤더 파일</Filter>
    </ClInclude>
    <ClInclude Include="Item.h">
      <Filter>헤더 파일</Filter>
    </ClInclude>
  </ItemGroup>
  <ItemGroup>
    <ClCompile Include="console.cpp">
      <Filter>소스 파일</Filter>
    </ClCompile>
    <ClCompile Include="Main.cpp">
      <Filter>소스 파일</Filter>
    </ClCompile>
    <ClCompile Include="StartScene.cpp">
      <Filter>소스 파일</Filter>
    </ClCompile>
    <ClCompile Include="GameLogic.cpp">
      <Filter>소스 파일</Filter>
    </ClCompile>
    <ClCompile Include="Ball.h">
      <Filter>헤더 파일</Filter>
    </ClCompile>
    <ClCompile Include="Ball.cpp">
      <Filter>소스 파일</Filter>
    </ClCompile>
    <ClCompile Include="Item.cpp">
      <Filter>소스 파일</Filter>
    </ClCompile>
  </ItemGroup>
  <ItemGroup>
    <Media Include="collider.wav">
      <Filter>사운드</Filter>
    </Media>
    <Media Include="Gameover.wav">
      <Filter>사운드</Filter>
    </Media>
    <Media Include="Gameclear.wav">
      <Filter>사운드</Filter>
    </Media>
  </ItemGroup>
</Project>